{
  "name": "microsoft-graph-docs",
  "lockfileVersion": 3,
  "requires": true,
  "packages": {
    "": {
      "dependencies": {
        "@azure/mcp-win32-x64": "^2.0.0-beta.8"
      }
    },
    "node_modules/@azure/mcp-win32-x64": {
      "version": "2.0.0-beta.8",
      "resolved": "https://registry.npmjs.org/@azure/mcp-win32-x64/-/mcp-win32-x64-2.0.0-beta.8.tgz",
      "integrity": "sha512-NcIEdYzDe/kaTBvtBkh4FhtHmpFFZZXIdLHRmCm2UbzUKIc73HWoOqyk8TNTeeov/4dY2nunOMsyJTEbRw1cjQ==",
      "cpu": [
        "x64"
      ],
      "license": "MIT",
      "os": [
        "win32"
      ],
      "bin": {
        "azmcp-win32-x64": "dist/azmcp.exe"
      },
      "engines": {
        "node": ">=20.0.0"
      }
    }
  }
}
